
Microsoft Visual Studio Solution File, Format Version 12.00
# Visual Studio 15
VisualStudioVersion = 15.0.27703.2018
MinimumVisualStudioVersion = 10.0.40219.1
Project("{9A19103F-16F7-4668-BE54-9A1E7A4F7556}") = "WebServer", "CoreWithAutoFack\WebServer.csproj", "{0939D51D-2E92-4CB5-8A21-68E324CCA18F}"
	ProjectSection(ProjectDependencies) = postProject
		{1FD62A56-72ED-42B7-9F7D-549F7FA2CD00} = {1FD62A56-72ED-42B7-9F7D-549F7FA2CD00}
	EndProjectSection
EndProject
Project("{2150E333-8FDC-42A3-9474-1A3956D46DE8}") = "Transport", "Transport", "{4D9420A4-768D-491A-B8B6-5890A8F0E473}"
EndProject
Project("{9A19103F-16F7-4668-BE54-9A1E7A4F7556}") = "Transport.SerialPort", "Communication.SerialPort\Transport.SerialPort.csproj", "{F73CC810-2886-472C-8A18-5AAB3096557C}"
EndProject
Project("{2150E333-8FDC-42A3-9474-1A3956D46DE8}") = "Worker", "Worker", "{6BA95BB3-40BF-4388-B575-B962C0EE6F1D}"
EndProject
Project("{9A19103F-16F7-4668-BE54-9A1E7A4F7556}") = "Shared", "Shared\Shared.csproj", "{747EB02F-436D-4337-A161-5FF726C9E1B0}"
EndProject
Project("{9A19103F-16F7-4668-BE54-9A1E7A4F7556}") = "Worker.Background", "Worker.Background\Worker.Background.csproj", "{527848AC-3519-4F76-A42F-455BE19C499D}"
EndProject
Project("{9A19103F-16F7-4668-BE54-9A1E7A4F7556}") = "Transport.TcpIp", "Communication.TcpIp\Transport.TcpIp.csproj", "{51722FBF-8C12-46E3-B0A0-E42DD08AD867}"
EndProject
Project("{2150E333-8FDC-42A3-9474-1A3956D46DE8}") = "Exchange", "Exchange", "{7C287048-0F56-49D9-9DFA-DBC09E7F1B54}"
EndProject
Project("{9A19103F-16F7-4668-BE54-9A1E7A4F7556}") = "Exchange.Base", "Exchange.Base\Exchange.Base.csproj", "{1F64CCC2-D64F-48F0-8845-36AB33EB54F8}"
EndProject
Project("{2150E333-8FDC-42A3-9474-1A3956D46DE8}") = "Device", "Device", "{4B0D52D6-ED79-463F-B251-689A128DBF27}"
EndProject
Project("{9A19103F-16F7-4668-BE54-9A1E7A4F7556}") = "Transport.Base", "Transport.Base\Transport.Base.csproj", "{519D47B1-26AA-4860-B1E4-F80D3E328AB5}"
EndProject
Project("{2150E333-8FDC-42A3-9474-1A3956D46DE8}") = "Solution Items", "Solution Items", "{396BCFBC-E780-4F3D-8CD6-116EF859701E}"
	ProjectSection(SolutionItems) = preProject
		ReadMe.txt = ReadMe.txt
		Tasks.txt = Tasks.txt
	EndProjectSection
EndProject
Project("{9A19103F-16F7-4668-BE54-9A1E7A4F7556}") = "Infrastructure.EventBus", "Infrastructure\Infrastructure.EventBus.csproj", "{1FD62A56-72ED-42B7-9F7D-549F7FA2CD00}"
EndProject
Project("{2150E333-8FDC-42A3-9474-1A3956D46DE8}") = "Infrastructure", "Infrastructure", "{27B62A9A-A8C6-4ECD-BA67-43024501EEA9}"
EndProject
Project("{2150E333-8FDC-42A3-9474-1A3956D46DE8}") = "BL", "BL", "{0ED24299-DCDD-4D54-A6C8-D297B790D2F8}"
EndProject
Project("{9A19103F-16F7-4668-BE54-9A1E7A4F7556}") = "BL.Services", "BL.Services\BL.Services.csproj", "{C4560433-7116-4757-8070-D81CF7BD032E}"
EndProject
Project("{2150E333-8FDC-42A3-9474-1A3956D46DE8}") = "DAL", "DAL", "{66F404CA-BB07-448B-8F31-EF82AD0D0D30}"
EndProject
Project("{9A19103F-16F7-4668-BE54-9A1E7A4F7556}") = "DAL.Abstract", "DAL.Abstract\DAL.Abstract.csproj", "{D797233F-1AAB-41D8-9059-C87E7881E57D}"
EndProject
Project("{9A19103F-16F7-4668-BE54-9A1E7A4F7556}") = "DAL.InMemory", "DAL.InMemory\DAL.InMemory.csproj", "{ABF4134A-CECB-47FF-A7AB-EB67B696FA3A}"
EndProject
Project("{9A19103F-16F7-4668-BE54-9A1E7A4F7556}") = "DeviceForExchange", "Device.Base\DeviceForExchange.csproj", "{8681D4FD-4CE5-4565-B883-3EAD50CB6435}"
EndProject
Project("{9A19103F-16F7-4668-BE54-9A1E7A4F7556}") = "Transport.Http", "Transport.Http\Transport.Http.csproj", "{DED5FF7E-C22F-4CC3-B2D3-B931EF8EDA78}"
EndProject
Project("{9A19103F-16F7-4668-BE54-9A1E7A4F7556}") = "DAL.EFCore", "DAL.EFCore\DAL.EFCore.csproj", "{92867AF2-C44A-44F3-AD66-814F361B5549}"
EndProject
Project("{2150E333-8FDC-42A3-9474-1A3956D46DE8}") = "Tests", "Tests", "{ABE68234-EFE9-4325-A2AD-3EDAB972EF07}"
EndProject
Project("{2150E333-8FDC-42A3-9474-1A3956D46DE8}") = "InputDataModel", "InputDataModel", "{156C5F17-389D-412C-9183-48DDF6B9FFD3}"
EndProject
Project("{9A19103F-16F7-4668-BE54-9A1E7A4F7556}") = "InputDataModel.Autodictor", "InputDataModel.Autodictor\InputDataModel.Autodictor.csproj", "{DC84ECEB-47AF-435D-BF57-470DA012EB66}"
EndProject
Project("{9A19103F-16F7-4668-BE54-9A1E7A4F7556}") = "Infrastructure.MessageBroker", "Infrastructure.MessageBroker1\Infrastructure.MessageBroker.csproj", "{900D0BCF-8AEB-4CA3-8164-62DED9215D0E}"
EndProject
Project("{9A19103F-16F7-4668-BE54-9A1E7A4F7556}") = "InputDataModel.Base", "InputDataModel.Base\InputDataModel.Base.csproj", "{6AF9C010-6C97-417F-B5A0-4C309E75E56C}"
EndProject
Global
	GlobalSection(SolutionConfigurationPlatforms) = preSolution
		Debug|Any CPU = Debug|Any CPU
		Release|Any CPU = Release|Any CPU
	EndGlobalSection
	GlobalSection(ProjectConfigurationPlatforms) = postSolution
		{0939D51D-2E92-4CB5-8A21-68E324CCA18F}.Debug|Any CPU.ActiveCfg = Debug|Any CPU
		{0939D51D-2E92-4CB5-8A21-68E324CCA18F}.Debug|Any CPU.Build.0 = Debug|Any CPU
		{0939D51D-2E92-4CB5-8A21-68E324CCA18F}.Release|Any CPU.ActiveCfg = Release|Any CPU
		{0939D51D-2E92-4CB5-8A21-68E324CCA18F}.Release|Any CPU.Build.0 = Release|Any CPU
		{F73CC810-2886-472C-8A18-5AAB3096557C}.Debug|Any CPU.ActiveCfg = Debug|Any CPU
		{F73CC810-2886-472C-8A18-5AAB3096557C}.Debug|Any CPU.Build.0 = Debug|Any CPU
		{F73CC810-2886-472C-8A18-5AAB3096557C}.Release|Any CPU.ActiveCfg = Release|Any CPU
		{F73CC810-2886-472C-8A18-5AAB3096557C}.Release|Any CPU.Build.0 = Release|Any CPU
		{747EB02F-436D-4337-A161-5FF726C9E1B0}.Debug|Any CPU.ActiveCfg = Debug|Any CPU
		{747EB02F-436D-4337-A161-5FF726C9E1B0}.Debug|Any CPU.Build.0 = Debug|Any CPU
		{747EB02F-436D-4337-A161-5FF726C9E1B0}.Release|Any CPU.ActiveCfg = Release|Any CPU
		{747EB02F-436D-4337-A161-5FF726C9E1B0}.Release|Any CPU.Build.0 = Release|Any CPU
		{527848AC-3519-4F76-A42F-455BE19C499D}.Debug|Any CPU.ActiveCfg = Debug|Any CPU
		{527848AC-3519-4F76-A42F-455BE19C499D}.Debug|Any CPU.Build.0 = Debug|Any CPU
		{527848AC-3519-4F76-A42F-455BE19C499D}.Release|Any CPU.ActiveCfg = Release|Any CPU
		{527848AC-3519-4F76-A42F-455BE19C499D}.Release|Any CPU.Build.0 = Release|Any CPU
		{51722FBF-8C12-46E3-B0A0-E42DD08AD867}.Debug|Any CPU.ActiveCfg = Debug|Any CPU
		{51722FBF-8C12-46E3-B0A0-E42DD08AD867}.Debug|Any CPU.Build.0 = Debug|Any CPU
		{51722FBF-8C12-46E3-B0A0-E42DD08AD867}.Release|Any CPU.ActiveCfg = Release|Any CPU
		{51722FBF-8C12-46E3-B0A0-E42DD08AD867}.Release|Any CPU.Build.0 = Release|Any CPU
		{1F64CCC2-D64F-48F0-8845-36AB33EB54F8}.Debug|Any CPU.ActiveCfg = Debug|Any CPU
		{1F64CCC2-D64F-48F0-8845-36AB33EB54F8}.Debug|Any CPU.Build.0 = Debug|Any CPU
		{1F64CCC2-D64F-48F0-8845-36AB33EB54F8}.Release|Any CPU.ActiveCfg = Release|Any CPU
		{1F64CCC2-D64F-48F0-8845-36AB33EB54F8}.Release|Any CPU.Build.0 = Release|Any CPU
		{519D47B1-26AA-4860-B1E4-F80D3E328AB5}.Debug|Any CPU.ActiveCfg = Debug|Any CPU
		{519D47B1-26AA-4860-B1E4-F80D3E328AB5}.Debug|Any CPU.Build.0 = Debug|Any CPU
		{519D47B1-26AA-4860-B1E4-F80D3E328AB5}.Release|Any CPU.ActiveCfg = Release|Any CPU
		{519D47B1-26AA-4860-B1E4-F80D3E328AB5}.Release|Any CPU.Build.0 = Release|Any CPU
		{1FD62A56-72ED-42B7-9F7D-549F7FA2CD00}.Debug|Any CPU.ActiveCfg = Debug|Any CPU
		{1FD62A56-72ED-42B7-9F7D-549F7FA2CD00}.Debug|Any CPU.Build.0 = Debug|Any CPU
		{1FD62A56-72ED-42B7-9F7D-549F7FA2CD00}.Release|Any CPU.ActiveCfg = Release|Any CPU
		{1FD62A56-72ED-42B7-9F7D-549F7FA2CD00}.Release|Any CPU.Build.0 = Release|Any CPU
		{C4560433-7116-4757-8070-D81CF7BD032E}.Debug|Any CPU.ActiveCfg = Debug|Any CPU
		{C4560433-7116-4757-8070-D81CF7BD032E}.Debug|Any CPU.Build.0 = Debug|Any CPU
		{C4560433-7116-4757-8070-D81CF7BD032E}.Release|Any CPU.ActiveCfg = Release|Any CPU
		{C4560433-7116-4757-8070-D81CF7BD032E}.Release|Any CPU.Build.0 = Release|Any CPU
		{D797233F-1AAB-41D8-9059-C87E7881E57D}.Debug|Any CPU.ActiveCfg = Debug|Any CPU
		{D797233F-1AAB-41D8-9059-C87E7881E57D}.Debug|Any CPU.Build.0 = Debug|Any CPU
		{D797233F-1AAB-41D8-9059-C87E7881E57D}.Release|Any CPU.ActiveCfg = Release|Any CPU
		{D797233F-1AAB-41D8-9059-C87E7881E57D}.Release|Any CPU.Build.0 = Release|Any CPU
		{ABF4134A-CECB-47FF-A7AB-EB67B696FA3A}.Debug|Any CPU.ActiveCfg = Debug|Any CPU
		{ABF4134A-CECB-47FF-A7AB-EB67B696FA3A}.Debug|Any CPU.Build.0 = Debug|Any CPU
		{ABF4134A-CECB-47FF-A7AB-EB67B696FA3A}.Release|Any CPU.ActiveCfg = Release|Any CPU
		{ABF4134A-CECB-47FF-A7AB-EB67B696FA3A}.Release|Any CPU.Build.0 = Release|Any CPU
		{8681D4FD-4CE5-4565-B883-3EAD50CB6435}.Debug|Any CPU.ActiveCfg = Debug|Any CPU
		{8681D4FD-4CE5-4565-B883-3EAD50CB6435}.Debug|Any CPU.Build.0 = Debug|Any CPU
		{8681D4FD-4CE5-4565-B883-3EAD50CB6435}.Release|Any CPU.ActiveCfg = Release|Any CPU
		{8681D4FD-4CE5-4565-B883-3EAD50CB6435}.Release|Any CPU.Build.0 = Release|Any CPU
		{DED5FF7E-C22F-4CC3-B2D3-B931EF8EDA78}.Debug|Any CPU.ActiveCfg = Debug|Any CPU
		{DED5FF7E-C22F-4CC3-B2D3-B931EF8EDA78}.Debug|Any CPU.Build.0 = Debug|Any CPU
		{DED5FF7E-C22F-4CC3-B2D3-B931EF8EDA78}.Release|Any CPU.ActiveCfg = Release|Any CPU
		{DED5FF7E-C22F-4CC3-B2D3-B931EF8EDA78}.Release|Any CPU.Build.0 = Release|Any CPU
		{92867AF2-C44A-44F3-AD66-814F361B5549}.Debug|Any CPU.ActiveCfg = Debug|Any CPU
		{92867AF2-C44A-44F3-AD66-814F361B5549}.Debug|Any CPU.Build.0 = Debug|Any CPU
		{92867AF2-C44A-44F3-AD66-814F361B5549}.Release|Any CPU.ActiveCfg = Release|Any CPU
		{92867AF2-C44A-44F3-AD66-814F361B5549}.Release|Any CPU.Build.0 = Release|Any CPU
		{DC84ECEB-47AF-435D-BF57-470DA012EB66}.Debug|Any CPU.ActiveCfg = Debug|Any CPU
		{DC84ECEB-47AF-435D-BF57-470DA012EB66}.Debug|Any CPU.Build.0 = Debug|Any CPU
		{DC84ECEB-47AF-435D-BF57-470DA012EB66}.Release|Any CPU.ActiveCfg = Release|Any CPU
		{DC84ECEB-47AF-435D-BF57-470DA012EB66}.Release|Any CPU.Build.0 = Release|Any CPU
		{900D0BCF-8AEB-4CA3-8164-62DED9215D0E}.Debug|Any CPU.ActiveCfg = Debug|Any CPU
		{900D0BCF-8AEB-4CA3-8164-62DED9215D0E}.Debug|Any CPU.Build.0 = Debug|Any CPU
		{900D0BCF-8AEB-4CA3-8164-62DED9215D0E}.Release|Any CPU.ActiveCfg = Release|Any CPU
		{900D0BCF-8AEB-4CA3-8164-62DED9215D0E}.Release|Any CPU.Build.0 = Release|Any CPU
		{6AF9C010-6C97-417F-B5A0-4C309E75E56C}.Debug|Any CPU.ActiveCfg = Debug|Any CPU
		{6AF9C010-6C97-417F-B5A0-4C309E75E56C}.Debug|Any CPU.Build.0 = Debug|Any CPU
		{6AF9C010-6C97-417F-B5A0-4C309E75E56C}.Release|Any CPU.ActiveCfg = Release|Any CPU
		{6AF9C010-6C97-417F-B5A0-4C309E75E56C}.Release|Any CPU.Build.0 = Release|Any CPU
	EndGlobalSection
	GlobalSection(SolutionProperties) = preSolution
		HideSolutionNode = FALSE
	EndGlobalSection
	GlobalSection(NestedProjects) = preSolution
		{F73CC810-2886-472C-8A18-5AAB3096557C} = {4D9420A4-768D-491A-B8B6-5890A8F0E473}
		{527848AC-3519-4F76-A42F-455BE19C499D} = {6BA95BB3-40BF-4388-B575-B962C0EE6F1D}
		{51722FBF-8C12-46E3-B0A0-E42DD08AD867} = {4D9420A4-768D-491A-B8B6-5890A8F0E473}
		{1F64CCC2-D64F-48F0-8845-36AB33EB54F8} = {7C287048-0F56-49D9-9DFA-DBC09E7F1B54}
		{519D47B1-26AA-4860-B1E4-F80D3E328AB5} = {4D9420A4-768D-491A-B8B6-5890A8F0E473}
		{1FD62A56-72ED-42B7-9F7D-549F7FA2CD00} = {27B62A9A-A8C6-4ECD-BA67-43024501EEA9}
		{C4560433-7116-4757-8070-D81CF7BD032E} = {0ED24299-DCDD-4D54-A6C8-D297B790D2F8}
		{D797233F-1AAB-41D8-9059-C87E7881E57D} = {66F404CA-BB07-448B-8F31-EF82AD0D0D30}
		{ABF4134A-CECB-47FF-A7AB-EB67B696FA3A} = {66F404CA-BB07-448B-8F31-EF82AD0D0D30}
		{8681D4FD-4CE5-4565-B883-3EAD50CB6435} = {4B0D52D6-ED79-463F-B251-689A128DBF27}
		{DED5FF7E-C22F-4CC3-B2D3-B931EF8EDA78} = {4D9420A4-768D-491A-B8B6-5890A8F0E473}
		{92867AF2-C44A-44F3-AD66-814F361B5549} = {66F404CA-BB07-448B-8F31-EF82AD0D0D30}
		{DC84ECEB-47AF-435D-BF57-470DA012EB66} = {156C5F17-389D-412C-9183-48DDF6B9FFD3}
		{900D0BCF-8AEB-4CA3-8164-62DED9215D0E} = {27B62A9A-A8C6-4ECD-BA67-43024501EEA9}
		{6AF9C010-6C97-417F-B5A0-4C309E75E56C} = {156C5F17-389D-412C-9183-48DDF6B9FFD3}
	EndGlobalSection
	GlobalSection(ExtensibilityGlobals) = postSolution
		SolutionGuid = {626950A5-7C4E-424F-AC79-2AB323CA01E7}
	EndGlobalSection
EndGlobal
